
Microsoft Visual Studio Solution File, Format Version 12.00
# Visual Studio 15
VisualStudioVersion = 15.0.27130.2027
MinimumVisualStudioVersion = 10.0.40219.1
Project("{9A19103F-16F7-4668-BE54-9A1E7A4F7556}") = "MicroElements.Swashbuckle.FluentValidation", "src\MicroElements.Swashbuckle.FluentValidation\MicroElements.Swashbuckle.FluentValidation.csproj", "{433D1CD9-A091-43C1-B230-7E25954DA621}"
EndProject
Project("{9A19103F-16F7-4668-BE54-9A1E7A4F7556}") = "SampleWebApi", "samples\SampleWebApi\SampleWebApi.csproj", "{FEDDFEAF-E8D0-4E7D-BCDC-AEFE3517BEAD}"
EndProject
Project("{2150E333-8FDC-42A3-9474-1A3956D46DE8}") = "Solution Items", "Solution Items", "{77EF15D5-47D6-4CF0-9BD6-A3120C3854FF}"
	ProjectSection(SolutionItems) = preProject
		CHANGELOG.md = CHANGELOG.md
		src\common.props = src\common.props
		README.md = README.md
		version.props = version.props
	EndProjectSection
EndProject
Project("{FAE04EC0-301F-11D3-BF4B-00C04F79EFBC}") = "MicroElements.Swashbuckle.FluentValidation.Tests", "test\MicroElements.Swashbuckle.FluentValidation.Tests\MicroElements.Swashbuckle.FluentValidation.Tests.csproj", "{AAA88B0E-AA41-402F-B41B-AE95DBBD746C}"
EndProject
Global
	GlobalSection(SolutionConfigurationPlatforms) = preSolution
		Debug|Any CPU = Debug|Any CPU
		Release|Any CPU = Release|Any CPU
	EndGlobalSection
	GlobalSection(ProjectConfigurationPlatforms) = postSolution
		{433D1CD9-A091-43C1-B230-7E25954DA621}.Debug|Any CPU.ActiveCfg = Debug|Any CPU
		{433D1CD9-A091-43C1-B230-7E25954DA621}.Debug|Any CPU.Build.0 = Debug|Any CPU
		{433D1CD9-A091-43C1-B230-7E25954DA621}.Release|Any CPU.ActiveCfg = Release|Any CPU
		{433D1CD9-A091-43C1-B230-7E25954DA621}.Release|Any CPU.Build.0 = Release|Any CPU
		{FEDDFEAF-E8D0-4E7D-BCDC-AEFE3517BEAD}.Debug|Any CPU.ActiveCfg = Debug|Any CPU
		{FEDDFEAF-E8D0-4E7D-BCDC-AEFE3517BEAD}.Debug|Any CPU.Build.0 = Debug|Any CPU
		{FEDDFEAF-E8D0-4E7D-BCDC-AEFE3517BEAD}.Release|Any CPU.ActiveCfg = Release|Any CPU
		{FEDDFEAF-E8D0-4E7D-BCDC-AEFE3517BEAD}.Release|Any CPU.Build.0 = Release|Any CPU
		{AAA88B0E-AA41-402F-B41B-AE95DBBD746C}.Debug|Any CPU.ActiveCfg = Debug|Any CPU
		{AAA88B0E-AA41-402F-B41B-AE95DBBD746C}.Debug|Any CPU.Build.0 = Debug|Any CPU
		{AAA88B0E-AA41-402F-B41B-AE95DBBD746C}.Release|Any CPU.ActiveCfg = Release|Any CPU
		{AAA88B0E-AA41-402F-B41B-AE95DBBD746C}.Release|Any CPU.Build.0 = Release|Any CPU
	EndGlobalSection
	GlobalSection(SolutionProperties) = preSolution
		HideSolutionNode = FALSE
	EndGlobalSection
	GlobalSection(ExtensibilityGlobals) = postSolution
		SolutionGuid = {1AA0A677-C642-44C8-A6CE-495E7B7074B8}
	EndGlobalSection
EndGlobal
